{
  "version": 4,
  "terraform_version": "1.5.7",
  "serial": 23,
  "lineage": "5505ba95-cf82-091f-95f9-55cdffce6ed2",
  "outputs": {
    "admin_password": {
      "value": "59aL_X64}4!QNQtJjqZl",
      "type": "string",
      "sensitive": true
    },
    "sql_server_name": {
      "value": "dev-sql-server-tight-cowbird",
      "type": "string"
    }
  },
  "resources": [
    {
      "mode": "managed",
      "type": "azurerm_mssql_server",
      "name": "server",
      "provider": "provider[\"registry.terraform.io/hashicorp/azurerm\"]",
      "instances": [
        {
          "schema_version": 0,
          "attributes": {
            "administrator_login": "azureadmin",
            "administrator_login_password": "59aL_X64}4!QNQtJjqZl",
            "azuread_administrator": [],
            "connection_policy": "Default",
            "fully_qualified_domain_name": "dev-sql-server-tight-cowbird.database.windows.net",
            "id": "/subscriptions/0cd46c6e-4be9-448f-9b56-9faba91a24cb/resourceGroups/rg-dev/providers/Microsoft.Sql/servers/dev-sql-server-tight-cowbird",
            "identity": [],
            "location": "southeastasia",
            "minimum_tls_version": "1.2",
            "name": "dev-sql-server-tight-cowbird",
            "outbound_network_restriction_enabled": false,
            "primary_user_assigned_identity_id": "",
            "public_network_access_enabled": true,
            "resource_group_name": "rg-dev",
            "restorable_dropped_database_ids": [],
            "tags": {
              "environment": "dev"
            },
            "timeouts": null,
            "transparent_data_encryption_key_vault_key_id": "",
            "version": "12.0"
          },
          "sensitive_attributes": [
            [
              {
                "type": "get_attr",
                "value": "administrator_login_password"
              }
            ]
          ],
          "private": "eyJlMmJmYjczMC1lY2FhLTExZTYtOGY4OC0zNDM2M2JjN2M0YzAiOnsiY3JlYXRlIjozNjAwMDAwMDAwMDAwLCJkZWxldGUiOjM2MDAwMDAwMDAwMDAsInJlYWQiOjMwMDAwMDAwMDAwMCwidXBkYXRlIjozNjAwMDAwMDAwMDAwfX0=",
          "dependencies": [
            "random_password.admin_password",
            "random_pet.azurerm_mssql_server_name"
          ]
        }
      ]
    },
    {
      "mode": "managed",
      "type": "random_password",
      "name": "admin_password",
      "provider": "provider[\"registry.terraform.io/hashicorp/random\"]",
      "instances": [
        {
          "index_key": 0,
          "schema_version": 3,
          "attributes": {
            "bcrypt_hash": "$2a$10$.6PjmLLdpm4AKVmdEbbk3OECaEn9DUZagho3FC0cd2GeoHVv1fYOi",
            "id": "none",
            "keepers": null,
            "length": 20,
            "lower": true,
            "min_lower": 1,
            "min_numeric": 1,
            "min_special": 1,
            "min_upper": 1,
            "number": true,
            "numeric": true,
            "override_special": null,
            "result": "59aL_X64}4!QNQtJjqZl",
            "special": true,
            "upper": true
          },
          "sensitive_attributes": []
        }
      ]
    },
    {
      "mode": "managed",
      "type": "random_pet",
      "name": "azurerm_mssql_server_name",
      "provider": "provider[\"registry.terraform.io/hashicorp/random\"]",
      "instances": [
        {
          "schema_version": 0,
          "attributes": {
            "id": "dev-sql-server-tight-cowbird",
            "keepers": null,
            "length": 2,
            "prefix": "dev-sql-server",
            "separator": "-"
          },
          "sensitive_attributes": []
        }
      ]
    }
  ],
  "check_results": null
}
